// !$*UTF8*$!
{
	archiveVersion = 1;
	classes = {
	};
	objectVersion = 77;
	objects = {

/* Begin PBXBuildFile section */
		7A2B2C502E610B5F00C54E3A /* Kingfisher in Frameworks */ = {isa = PBXBuildFile; productRef = 7A2B2C4F2E610B5F00C54E3A /* Kingfisher */; };
		7A4309472E63B8DB0052D45C /* FirebaseMessaging in Frameworks */ = {isa = PBXBuildFile; productRef = 7A4309462E63B8DB0052D45C /* FirebaseMessaging */; };
		7A70E0AB2E4FCC0C00429722 /* FirebaseCore in Frameworks */ = {isa = PBXBuildFile; productRef = 7A70E0AA2E4FCC0C00429722 /* FirebaseCore */; };
		7A70E0AF2E4FDC8F00429722 /* FirebaseStorage in Frameworks */ = {isa = PBXBuildFile; productRef = 7A70E0AE2E4FDC8F00429722 /* FirebaseStorage */; };
		7A70E0B12E4FDCE600429722 /* FirebaseAuth in Frameworks */ = {isa = PBXBuildFile; productRef = 7A70E0B02E4FDCE600429722 /* FirebaseAuth */; };
		7A70E0BB2E506DF600429722 /* FirebaseFirestore in Frameworks */ = {isa = PBXBuildFile; productRef = 7A70E0BA2E506DF600429722 /* FirebaseFirestore */; };
		7AB4713D2E64F3D0006597F9 /* FirebaseFunctions in Frameworks */ = {isa = PBXBuildFile; productRef = 7AB4713C2E64F3D0006597F9 /* FirebaseFunctions */; };
/* End PBXBuildFile section */

/* Begin PBXContainerItemProxy section */
		7A843DDA2E1E690A003B69F4 /* PBXContainerItemProxy */ = {
			isa = PBXContainerItemProxy;
			containerPortal = 7A843DBF2E1E6908003B69F4 /* Project object */;
			proxyType = 1;
			remoteGlobalIDString = 7A843DC62E1E6908003B69F4;
			remoteInfo = MessagingApp;
		};
		7A843DE42E1E690A003B69F4 /* PBXContainerItemProxy */ = {
			isa = PBXContainerItemProxy;
			containerPortal = 7A843DBF2E1E6908003B69F4 /* Project object */;
			proxyType = 1;
			remoteGlobalIDString = 7A843DC62E1E6908003B69F4;
			remoteInfo = MessagingApp;
		};
/* End PBXContainerItemProxy section */

/* Begin PBXFileReference section */
		7A843DC72E1E6908003B69F4 /* MessagingApp.app */ = {isa = PBXFileReference; explicitFileType = wrapper.application; includeInIndex = 0; path = MessagingApp.app; sourceTree = BUILT_PRODUCTS_DIR; };
		7A843DD92E1E690A003B69F4 /* MessagingAppTests.xctest */ = {isa = PBXFileReference; explicitFileType = wrapper.cfbundle; includeInIndex = 0; path = MessagingAppTests.xctest; sourceTree = BUILT_PRODUCTS_DIR; };
		7A843DE32E1E690A003B69F4 /* MessagingAppUITests.xctest */ = {isa = PBXFileReference; explicitFileType = wrapper.cfbundle; includeInIndex = 0; path = MessagingAppUITests.xctest; sourceTree = BUILT_PRODUCTS_DIR; };
/* End PBXFileReference section */

/* Begin PBXFileSystemSynchronizedBuildFileExceptionSet section */
		7A79343E2E29D0CE00633956 /* Exceptions for "MessagingApp" folder in "MessagingApp" target */ = {
			isa = PBXFileSystemSynchronizedBuildFileExceptionSet;
			membershipExceptions = (
				Info.plist,
			);
			target = 7A843DC62E1E6908003B69F4 /* MessagingApp */;
		};
/* End PBXFileSystemSynchronizedBuildFileExceptionSet section */

/* Begin PBXFileSystemSynchronizedRootGroup section */
		7A843DC92E1E6908003B69F4 /* MessagingApp */ = {
			isa = PBXFileSystemSynchronizedRootGroup;
			exceptions = (
				7A79343E2E29D0CE00633956 /* Exceptions for "MessagingApp" folder in "MessagingApp" target */,
			);
			path = MessagingApp;
			sourceTree = "<group>";
		};
		7A843DDC2E1E690A003B69F4 /* MessagingAppTests */ = {
			isa = PBXFileSystemSynchronizedRootGroup;
			path = MessagingAppTests;
			sourceTree = "<group>";
		};
		7A843DE62E1E690A003B69F4 /* MessagingAppUITests */ = {
			isa = PBXFileSystemSynchronizedRootGroup;
			path = MessagingAppUITests;
			sourceTree = "<group>";
		};
/* End PBXFileSystemSynchronizedRootGroup section */

/* Begin PBXFrameworksBuildPhase section */
		7A843DC42E1E6908003B69F4 /* Frameworks */ = {
			isa = PBXFrameworksBuildPhase;
			buildActionMask = 2147483647;
			files = (
				7A4309472E63B8DB0052D45C /* FirebaseMessaging in Frameworks */,
				7AB4713D2E64F3D0006597F9 /* FirebaseFunctions in Frameworks */,
				7A2B2C502E610B5F00C54E3A /* Kingfisher in Frameworks */,
				7A70E0AB2E4FCC0C00429722 /* FirebaseCore in Frameworks */,
				7A70E0B12E4FDCE600429722 /* FirebaseAuth in Frameworks */,
				7A70E0BB2E506DF600429722 /* FirebaseFirestore in Frameworks */,
				7A70E0AF2E4FDC8F00429722 /* FirebaseStorage in Frameworks */,
			);
			runOnlyForDeploymentPostprocessing = 0;
		};
		7A843DD62E1E690A003B69F4 /* Frameworks */ = {
			isa = PBXFrameworksBuildPhase;
			buildActionMask = 2147483647;
			files = (
			);
			runOnlyForDeploymentPostprocessing = 0;
		};
		7A843DE02E1E690A003B69F4 /* Frameworks */ = {
			isa = PBXFrameworksBuildPhase;
			buildActionMask = 2147483647;
			files = (
			);
			runOnlyForDeploymentPostprocessing = 0;
		};
/* End PBXFrameworksBuildPhase section */

/* Begin PBXGroup section */
		7A843DBE2E1E6908003B69F4 = {
			isa = PBXGroup;
			children = (
				7A843DC92E1E6908003B69F4 /* MessagingApp */,
				7A843DDC2E1E690A003B69F4 /* MessagingAppTests */,
				7A843DE62E1E690A003B69F4 /* MessagingAppUITests */,
				7A843DC82E1E6908003B69F4 /* Products */,
			);
			sourceTree = "<group>";
		};
		7A843DC82E1E6908003B69F4 /* Products */ = {
			isa = PBXGroup;
			children = (
				7A843DC72E1E6908003B69F4 /* MessagingApp.app */,
				7A843DD92E1E690A003B69F4 /* MessagingAppTests.xctest */,
				7A843DE32E1E690A003B69F4 /* MessagingAppUITests.xctest */,
			);
			name = Products;
			sourceTree = "<group>";
		};
/* End PBXGroup section */

/* Begin PBXNativeTarget section */
		7A843DC62E1E6908003B69F4 /* MessagingApp */ = {
			isa = PBXNativeTarget;
			buildConfigurationList = 7A843DED2E1E690A003B69F4 /* Build configuration list for PBXNativeTarget "MessagingApp" */;
			buildPhases = (
				7A843DC32E1E6908003B69F4 /* Sources */,
				7A843DC42E1E6908003B69F4 /* Frameworks */,
				7A843DC52E1E6908003B69F4 /* Resources */,
			);
			buildRules = (
			);
			dependencies = (
			);
			fileSystemSynchronizedGroups = (
				7A843DC92E1E6908003B69F4 /* MessagingApp */,
			);
			name = MessagingApp;
			packageProductDependencies = (
				7A70E0AA2E4FCC0C00429722 /* FirebaseCore */,
				7A70E0AE2E4FDC8F00429722 /* FirebaseStorage */,
				7A70E0B02E4FDCE600429722 /* FirebaseAuth */,
				7A70E0BA2E506DF600429722 /* FirebaseFirestore */,
				7A2B2C4F2E610B5F00C54E3A /* Kingfisher */,
				7A4309462E63B8DB0052D45C /* FirebaseMessaging */,
				7AB4713C2E64F3D0006597F9 /* FirebaseFunctions */,
			);
			productName = MessagingApp;
			productReference = 7A843DC72E1E6908003B69F4 /* MessagingApp.app */;
			productType = "com.apple.product-type.application";
		};
		7A843DD82E1E690A003B69F4 /* MessagingAppTests */ = {
			isa = PBXNativeTarget;
			buildConfigurationList = 7A843DF02E1E690A003B69F4 /* Build configuration list for PBXNativeTarget "MessagingAppTests" */;
			buildPhases = (
				7A843DD52E1E690A003B69F4 /* Sources */,
				7A843DD62E1E690A003B69F4 /* Frameworks */,
				7A843DD72E1E690A003B69F4 /* Resources */,
			);
			buildRules = (
			);
			dependencies = (
				7A843DDB2E1E690A003B69F4 /* PBXTargetDependency */,
			);
			fileSystemSynchronizedGroups = (
				7A843DDC2E1E690A003B69F4 /* MessagingAppTests */,
			);
			name = MessagingAppTests;
			packageProductDependencies = (
			);
			productName = MessagingAppTests;
			productReference = 7A843DD92E1E690A003B69F4 /* MessagingAppTests.xctest */;
			productType = "com.apple.product-type.bundle.unit-test";
		};
		7A843DE22E1E690A003B69F4 /* MessagingAppUITests */ = {
			isa = PBXNativeTarget;
			buildConfigurationList = 7A843DF32E1E690A003B69F4 /* Build configuration list for PBXNativeTarget "MessagingAppUITests" */;
			buildPhases = (
				7A843DDF2E1E690A003B69F4 /* Sources */,
				7A843DE02E1E690A003B69F4 /* Frameworks */,
				7A843DE12E1E690A003B69F4 /* Resources */,
			);
			buildRules = (
			);
			dependencies = (
				7A843DE52E1E690A003B69F4 /* PBXTargetDependency */,
			);
			fileSystemSynchronizedGroups = (
				7A843DE62E1E690A003B69F4 /* MessagingAppUITests */,
			);
			name = MessagingAppUITests;
			packageProductDependencies = (
			);
			productName = MessagingAppUITests;
			productReference = 7A843DE32E1E690A003B69F4 /* MessagingAppUITests.xctest */;
			productType = "com.apple.product-type.bundle.ui-testing";
		};
/* End PBXNativeTarget section */

/* Begin PBXProject section */
		7A843DBF2E1E6908003B69F4 /* Project object */ = {
			isa = PBXProject;
			attributes = {
				BuildIndependentTargetsInParallel = 1;
				LastSwiftUpdateCheck = 1640;
				LastUpgradeCheck = 1640;
				TargetAttributes = {
					7A843DC62E1E6908003B69F4 = {
						CreatedOnToolsVersion = 16.4;
					};
					7A843DD82E1E690A003B69F4 = {
						CreatedOnToolsVersion = 16.4;
						TestTargetID = 7A843DC62E1E6908003B69F4;
					};
					7A843DE22E1E690A003B69F4 = {
						CreatedOnToolsVersion = 16.4;
						TestTargetID = 7A843DC62E1E6908003B69F4;
					};
				};
			};
			buildConfigurationList = 7A843DC22E1E6908003B69F4 /* Build configuration list for PBXProject "MessagingApp" */;
			developmentRegion = en;
			hasScannedForEncodings = 0;
			knownRegions = (
				en,
				Base,
			);
			mainGroup = 7A843DBE2E1E6908003B69F4;
			minimizedProjectReferenceProxies = 1;
			packageReferences = (
				7A70E0A92E4FCB6300429722 /* XCRemoteSwiftPackageReference "firebase-ios-sdk" */,
				7A2B2C4E2E610B5F00C54E3A /* XCRemoteSwiftPackageReference "Kingfisher" */,
			);
			preferredProjectObjectVersion = 77;
			productRefGroup = 7A843DC82E1E6908003B69F4 /* Products */;
			projectDirPath = "";
			projectRoot = "";
			targets = (
				7A843DC62E1E6908003B69F4 /* MessagingApp */,
				7A843DD82E1E690A003B69F4 /* MessagingAppTests */,
				7A843DE22E1E690A003B69F4 /* MessagingAppUITests */,
			);
		};
/* End PBXProject section */

/* Begin PBXResourcesBuildPhase section */
		7A843DC52E1E6908003B69F4 /* Resources */ = {
			isa = PBXResourcesBuildPhase;
			buildActionMask = 2147483647;
			files = (
			);
			runOnlyForDeploymentPostprocessing = 0;
		};
		7A843DD72E1E690A003B69F4 /* Resources */ = {
			isa = PBXResourcesBuildPhase;
			buildActionMask = 2147483647;
			files = (
			);
			runOnlyForDeploymentPostprocessing = 0;
		};
		7A843DE12E1E690A003B69F4 /* Resources */ = {
			isa = PBXResourcesBuildPhase;
			buildActionMask = 2147483647;
			files = (
			);
			runOnlyForDeploymentPostprocessing = 0;
		};
/* End PBXResourcesBuildPhase section */

/* Begin PBXSourcesBuildPhase section */
		7A843DC32E1E6908003B69F4 /* Sources */ = {
			isa = PBXSourcesBuildPhase;
			buildActionMask = 2147483647;
			files = (
			);
			runOnlyForDeploymentPostprocessing = 0;
		};
		7A843DD52E1E690A003B69F4 /* Sources */ = {
			isa = PBXSourcesBuildPhase;
			buildActionMask = 2147483647;
			files = (
			);
			runOnlyForDeploymentPostprocessing = 0;
		};
		7A843DDF2E1E690A003B69F4 /* Sources */ = {
			isa = PBXSourcesBuildPhase;
			buildActionMask = 2147483647;
			files = (
			);
			runOnlyForDeploymentPostprocessing = 0;
		};
/* End PBXSourcesBuildPhase section */

/* Begin PBXTargetDependency section */
		7A843DDB2E1E690A003B69F4 /* PBXTargetDependency */ = {
			isa = PBXTargetDependency;
			target = 7A843DC62E1E6908003B69F4 /* MessagingApp */;
			targetProxy = 7A843DDA2E1E690A003B69F4 /* PBXContainerItemProxy */;
		};
		7A843DE52E1E690A003B69F4 /* PBXTargetDependency */ = {
			isa = PBXTargetDependency;
			target = 7A843DC62E1E6908003B69F4 /* MessagingApp */;
			targetProxy = 7A843DE42E1E690A003B69F4 /* PBXContainerItemProxy */;
		};
/* End PBXTargetDependency section */

/* Begin XCBuildConfiguration section */
		7A843DEB2E1E690A003B69F4 /* Debug */ = {
			isa = XCBuildConfiguration;
			buildSettings = {
				ALWAYS_SEARCH_USER_PATHS = NO;
				ASSETCATALOG_COMPILER_GENERATE_SWIFT_ASSET_SYMBOL_EXTENSIONS = YES;
				CLANG_ANALYZER_NONNULL = YES;
				CLANG_ANALYZER_NUMBER_OBJECT_CONVERSION = YES_AGGRESSIVE;
				CLANG_CXX_LANGUAGE_STANDARD = "gnu++20";
				CLANG_ENABLE_MODULES = YES;
				CLANG_ENABLE_OBJC_ARC = YES;
				CLANG_ENABLE_OBJC_WEAK = YES;
				CLANG_WARN_BLOCK_CAPTURE_AUTORELEASING = YES;
				CLANG_WARN_BOOL_CONVERSION = YES;
				CLANG_WARN_COMMA = YES;
				CLANG_WARN_CONSTANT_CONVERSION = YES;
				CLANG_WARN_DEPRECATED_OBJC_IMPLEMENTATIONS = YES;
				CLANG_WARN_DIRECT_OBJC_ISA_USAGE = YES_ERROR;
				CLANG_WARN_DOCUMENTATION_COMMENTS = YES;
				CLANG_WARN_EMPTY_BODY = YES;
				CLANG_WARN_ENUM_CONVERSION = YES;
				CLANG_WARN_INFINITE_RECURSION = YES;
				CLANG_WARN_INT_CONVERSION = YES;
				CLANG_WARN_NON_LITERAL_NULL_CONVERSION = YES;
				CLANG_WARN_OBJC_IMPLICIT_RETAIN_SELF = YES;
				CLANG_WARN_OBJC_LITERAL_CONVERSION = YES;
				CLANG_WARN_OBJC_ROOT_CLASS = YES_ERROR;
				CLANG_WARN_QUOTED_INCLUDE_IN_FRAMEWORK_HEADER = YES;
				CLANG_WARN_RANGE_LOOP_ANALYSIS = YES;
				CLANG_WARN_STRICT_PROTOTYPES = YES;
				CLANG_WARN_SUSPICIOUS_MOVE = YES;
				CLANG_WARN_UNGUARDED_AVAILABILITY = YES_AGGRESSIVE;
				CLANG_WARN_UNREACHABLE_CODE = YES;
				CLANG_WARN__DUPLICATE_METHOD_MATCH = YES;
				COPY_PHASE_STRIP = NO;
				DEBUG_INFORMATION_FORMAT = dwarf;
				ENABLE_STRICT_OBJC_MSGSEND = YES;
				ENABLE_TESTABILITY = YES;
				ENABLE_USER_SCRIPT_SANDBOXING = YES;
				GCC_C_LANGUAGE_STANDARD = gnu17;
				GCC_DYNAMIC_NO_PIC = NO;
				GCC_NO_COMMON_BLOCKS = YES;
				GCC_OPTIMIZATION_LEVEL = 0;
				GCC_PREPROCESSOR_DEFINITIONS = (
					"DEBUG=1",
					"$(inherited)",
				);
				GCC_WARN_64_TO_32_BIT_CONVERSION = YES;
				GCC_WARN_ABOUT_RETURN_TYPE = YES_ERROR;
				GCC_WARN_UNDECLARED_SELECTOR = YES;
				GCC_WARN_UNINITIALIZED_AUTOS = YES_AGGRESSIVE;
				GCC_WARN_UNUSED_FUNCTION = YES;
				GCC_WARN_UNUSED_VARIABLE = YES;
				IPHONEOS_DEPLOYMENT_TARGET = 18.5;
				LOCALIZATION_PREFERS_STRING_CATALOGS = YES;
				MTL_ENABLE_DEBUG_INFO = INCLUDE_SOURCE;
				MTL_FAST_MATH = YES;
				ONLY_ACTIVE_ARCH = YES;
				SDKROOT = iphoneos;
				SWIFT_ACTIVE_COMPILATION_CONDITIONS = "DEBUG $(inherited)";
				SWIFT_OPTIMIZATION_LEVEL = "-Onone";
			};
			name = Debug;
		};
		7A843DEC2E1E690A003B69F4 /* Release */ = {
			isa = XCBuildConfiguration;
			buildSettings = {
				ALWAYS_SEARCH_USER_PATHS = NO;
				ASSETCATALOG_COMPILER_GENERATE_SWIFT_ASSET_SYMBOL_EXTENSIONS = YES;
				CLANG_ANALYZER_NONNULL = YES;
				CLANG_ANALYZER_NUMBER_OBJECT_CONVERSION = YES_AGGRESSIVE;
				CLANG_CXX_LANGUAGE_STANDARD = "gnu++20";
				CLANG_ENABLE_MODULES = YES;
				CLANG_ENABLE_OBJC_ARC = YES;
				CLANG_ENABLE_OBJC_WEAK = YES;
				CLANG_WARN_BLOCK_CAPTURE_AUTORELEASING = YES;
				CLANG_WARN_BOOL_CONVERSION = YES;
				CLANG_WARN_COMMA = YES;
				CLANG_WARN_CONSTANT_CONVERSION = YES;
				CLANG_WARN_DEPRECATED_OBJC_IMPLEMENTATIONS = YES;
				CLANG_WARN_DIRECT_OBJC_ISA_USAGE = YES_ERROR;
				CLANG_WARN_DOCUMENTATION_COMMENTS = YES;
				CLANG_WARN_EMPTY_BODY = YES;
				CLANG_WARN_ENUM_CONVERSION = YES;
				CLANG_WARN_INFINITE_RECURSION = YES;
				CLANG_WARN_INT_CONVERSION = YES;
				CLANG_WARN_NON_LITERAL_NULL_CONVERSION = YES;
				CLANG_WARN_OBJC_IMPLICIT_RETAIN_SELF = YES;
				CLANG_WARN_OBJC_LITERAL_CONVERSION = YES;
				CLANG_WARN_OBJC_ROOT_CLASS = YES_ERROR;
				CLANG_WARN_QUOTED_INCLUDE_IN_FRAMEWORK_HEADER = YES;
				CLANG_WARN_RANGE_LOOP_ANALYSIS = YES;
				CLANG_WARN_STRICT_PROTOTYPES = YES;
				CLANG_WARN_SUSPICIOUS_MOVE = YES;
				CLANG_WARN_UNGUARDED_AVAILABILITY = YES_AGGRESSIVE;
				CLANG_WARN_UNREACHABLE_CODE = YES;
				CLANG_WARN__DUPLICATE_METHOD_MATCH = YES;
				COPY_PHASE_STRIP = NO;
				DEBUG_INFORMATION_FORMAT = "dwarf-with-dsym";
				ENABLE_NS_ASSERTIONS = NO;
				ENABLE_STRICT_OBJC_MSGSEND = YES;
				ENABLE_USER_SCRIPT_SANDBOXING = YES;
				GCC_C_LANGUAGE_STANDARD = gnu17;
				GCC_NO_COMMON_BLOCKS = YES;
				GCC_WARN_64_TO_32_BIT_CONVERSION = YES;
				GCC_WARN_ABOUT_RETURN_TYPE = YES_ERROR;
				GCC_WARN_UNDECLARED_SELECTOR = YES;
				GCC_WARN_UNINITIALIZED_AUTOS = YES_AGGRESSIVE;
				GCC_WARN_UNUSED_FUNCTION = YES;
				GCC_WARN_UNUSED_VARIABLE = YES;
				IPHONEOS_DEPLOYMENT_TARGET = 18.5;
				LOCALIZATION_PREFERS_STRING_CATALOGS = YES;
				MTL_ENABLE_DEBUG_INFO = NO;
				MTL_FAST_MATH = YES;
				SDKROOT = iphoneos;
				SWIFT_COMPILATION_MODE = wholemodule;
				VALIDATE_PRODUCT = YES;
			};
			name = Release;
		};
		7A843DEE2E1E690A003B69F4 /* Debug */ = {
			isa = XCBuildConfiguration;
			buildSettings = {
				ASSETCATALOG_COMPILER_APPICON_NAME = AppIcon;
				ASSETCATALOG_COMPILER_GLOBAL_ACCENT_COLOR_NAME = AccentColor;
				CODE_SIGN_ENTITLEMENTS = MessagingApp/MessagingApp.entitlements;
				CODE_SIGN_STYLE = Automatic;
				CURRENT_PROJECT_VERSION = 1;
				DEVELOPMENT_TEAM = 4GFZH8QBGY;
				ENABLE_PREVIEWS = YES;
				GENERATE_INFOPLIST_FILE = YES;
				INFOPLIST_FILE = MessagingApp/Info.plist;
				INFOPLIST_KEY_NSCameraUsageDescription = "This app requires camera access to take pictures and videos";
				INFOPLIST_KEY_NSMicrophoneUsageDescription = "This app requires microphone access to record audio for videos";
				INFOPLIST_KEY_NSPhotoLibraryUsageDescription = "This app requires Photo Library access to manage photos and videos";
				INFOPLIST_KEY_UIApplicationSceneManifest_Generation = YES;
				INFOPLIST_KEY_UIApplicationSupportsIndirectInputEvents = YES;
				INFOPLIST_KEY_UILaunchScreen_Generation = YES;
				INFOPLIST_KEY_UISupportedInterfaceOrientations = UIInterfaceOrientationPortrait;
				INFOPLIST_KEY_UISupportedInterfaceOrientations_iPad = "UIInterfaceOrientationLandscapeLeft UIInterfaceOrientationLandscapeRight UIInterfaceOrientationPortrait UIInterfaceOrientationPortraitUpsideDown";
				INFOPLIST_KEY_UIUserInterfaceStyle = Dark;
				IPHONEOS_DEPLOYMENT_TARGET = 18.0;
				LD_RUNPATH_SEARCH_PATHS = (
					"$(inherited)",
					"@executable_path/Frameworks",
				);
				MARKETING_VERSION = 1.0;
				PRODUCT_BUNDLE_IDENTIFIER = com.DanielLe.MessagingApp;
				PRODUCT_NAME = "$(TARGET_NAME)";
				SUPPORTED_PLATFORMS = "iphoneos iphonesimulator";
				SUPPORTS_MACCATALYST = NO;
				SUPPORTS_MAC_DESIGNED_FOR_IPHONE_IPAD = NO;
				SUPPORTS_XR_DESIGNED_FOR_IPHONE_IPAD = NO;
				SWIFT_EMIT_LOC_STRINGS = YES;
				SWIFT_VERSION = 5.0;
				TARGETED_DEVICE_FAMILY = 1;
			};
			name = Debug;
		};
		7A843DEF2E1E690A003B69F4 /* Release */ = {
			isa = XCBuildConfiguration;
			buildSettings = {
				ASSETCATALOG_COMPILER_APPICON_NAME = AppIcon;
				ASSETCATALOG_COMPILER_GLOBAL_ACCENT_COLOR_NAME = AccentColor;
				CODE_SIGN_ENTITLEMENTS = MessagingApp/MessagingApp.entitlements;
				CODE_SIGN_STYLE = Automatic;
				CURRENT_PROJECT_VERSION = 1;
				DEVELOPMENT_TEAM = 4GFZH8QBGY;
				ENABLE_PREVIEWS = YES;
				GENERATE_INFOPLIST_FILE = YES;
				INFOPLIST_FILE = MessagingApp/Info.plist;
				INFOPLIST_KEY_NSCameraUsageDescription = "This app requires camera access to take pictures and videos";
				INFOPLIST_KEY_NSMicrophoneUsageDescription = "This app requires microphone access to record audio for videos";
				INFOPLIST_KEY_NSPhotoLibraryUsageDescription = "This app requires Photo Library access to manage photos and videos";
				INFOPLIST_KEY_UIApplicationSceneManifest_Generation = YES;
				INFOPLIST_KEY_UIApplicationSupportsIndirectInputEvents = YES;
				INFOPLIST_KEY_UILaunchScreen_Generation = YES;
				INFOPLIST_KEY_UISupportedInterfaceOrientations = UIInterfaceOrientationPortrait;
				INFOPLIST_KEY_UISupportedInterfaceOrientations_iPad = "UIInterfaceOrientationLandscapeLeft UIInterfaceOrientationLandscapeRight UIInterfaceOrientationPortrait UIInterfaceOrientationPortraitUpsideDown";
				INFOPLIST_KEY_UIUserInterfaceStyle = Dark;
				IPHONEOS_DEPLOYMENT_TARGET = 18.0;
				LD_RUNPATH_SEARCH_PATHS = (
					"$(inherited)",
					"@executable_path/Frameworks",
				);
				MARKETING_VERSION = 1.0;
				PRODUCT_BUNDLE_IDENTIFIER = com.DanielLe.MessagingApp;
				PRODUCT_NAME = "$(TARGET_NAME)";
				SUPPORTED_PLATFORMS = "iphoneos iphonesimulator";
				SUPPORTS_MACCATALYST = NO;
				SUPPORTS_MAC_DESIGNED_FOR_IPHONE_IPAD = NO;
				SUPPORTS_XR_DESIGNED_FOR_IPHONE_IPAD = NO;
				SWIFT_EMIT_LOC_STRINGS = YES;
				SWIFT_VERSION = 5.0;
				TARGETED_DEVICE_FAMILY = 1;
			};
			name = Release;
		};
		7A843DF12E1E690A003B69F4 /* Debug */ = {
			isa = XCBuildConfiguration;
			buildSettings = {
				BUNDLE_LOADER = "$(TEST_HOST)";
				CODE_SIGN_STYLE = Automatic;
				CURRENT_PROJECT_VERSION = 1;
				GENERATE_INFOPLIST_FILE = YES;
				IPHONEOS_DEPLOYMENT_TARGET = 18.5;
				MARKETING_VERSION = 1.0;
				PRODUCT_BUNDLE_IDENTIFIER = com.DanielLe.MessagingAppTests;
				PRODUCT_NAME = "$(TARGET_NAME)";
				SWIFT_EMIT_LOC_STRINGS = NO;
				SWIFT_VERSION = 5.0;
				TARGETED_DEVICE_FAMILY = "1,2";
				TEST_HOST = "$(BUILT_PRODUCTS_DIR)/MessagingApp.app/$(BUNDLE_EXECUTABLE_FOLDER_PATH)/MessagingApp";
			};
			name = Debug;
		};
		7A843DF22E1E690A003B69F4 /* Release */ = {
			isa = XCBuildConfiguration;
			buildSettings = {
				BUNDLE_LOADER = "$(TEST_HOST)";
				CODE_SIGN_STYLE = Automatic;
				CURRENT_PROJECT_VERSION = 1;
				GENERATE_INFOPLIST_FILE = YES;
				IPHONEOS_DEPLOYMENT_TARGET = 18.5;
				MARKETING_VERSION = 1.0;
				PRODUCT_BUNDLE_IDENTIFIER = com.DanielLe.MessagingAppTests;
				PRODUCT_NAME = "$(TARGET_NAME)";
				SWIFT_EMIT_LOC_STRINGS = NO;
				SWIFT_VERSION = 5.0;
				TARGETED_DEVICE_FAMILY = "1,2";
				TEST_HOST = "$(BUILT_PRODUCTS_DIR)/MessagingApp.app/$(BUNDLE_EXECUTABLE_FOLDER_PATH)/MessagingApp";
			};
			name = Release;
		};
		7A843DF42E1E690A003B69F4 /* Debug */ = {
			isa = XCBuildConfiguration;
			buildSettings = {
				CODE_SIGN_STYLE = Automatic;
				CURRENT_PROJECT_VERSION = 1;
				GENERATE_INFOPLIST_FILE = YES;
				MARKETING_VERSION = 1.0;
				PRODUCT_BUNDLE_IDENTIFIER = com.DanielLe.MessagingAppUITests;
				PRODUCT_NAME = "$(TARGET_NAME)";
				SWIFT_EMIT_LOC_STRINGS = NO;
				SWIFT_VERSION = 5.0;
				TARGETED_DEVICE_FAMILY = "1,2";
				TEST_TARGET_NAME = MessagingApp;
			};
			name = Debug;
		};
		7A843DF52E1E690A003B69F4 /* Release */ = {
			isa = XCBuildConfiguration;
			buildSettings = {
				CODE_SIGN_STYLE = Automatic;
				CURRENT_PROJECT_VERSION = 1;
				GENERATE_INFOPLIST_FILE = YES;
				MARKETING_VERSION = 1.0;
				PRODUCT_BUNDLE_IDENTIFIER = com.DanielLe.MessagingAppUITests;
				PRODUCT_NAME = "$(TARGET_NAME)";
				SWIFT_EMIT_LOC_STRINGS = NO;
				SWIFT_VERSION = 5.0;
				TARGETED_DEVICE_FAMILY = "1,2";
				TEST_TARGET_NAME = MessagingApp;
			};
			name = Release;
		};
/* End XCBuildConfiguration section */

/* Begin XCConfigurationList section */
		7A843DC22E1E6908003B69F4 /* Build configuration list for PBXProject "MessagingApp" */ = {
			isa = XCConfigurationList;
			buildConfigurations = (
				7A843DEB2E1E690A003B69F4 /* Debug */,
				7A843DEC2E1E690A003B69F4 /* Release */,
			);
			defaultConfigurationIsVisible = 0;
			defaultConfigurationName = Release;
		};
		7A843DED2E1E690A003B69F4 /* Build configuration list for PBXNativeTarget "MessagingApp" */ = {
			isa = XCConfigurationList;
			buildConfigurations = (
				7A843DEE2E1E690A003B69F4 /* Debug */,
				7A843DEF2E1E690A003B69F4 /* Release */,
			);
			defaultConfigurationIsVisible = 0;
			defaultConfigurationName = Release;
		};
		7A843DF02E1E690A003B69F4 /* Build configuration list for PBXNativeTarget "MessagingAppTests" */ = {
			isa = XCConfigurationList;
			buildConfigurations = (
				7A843DF12E1E690A003B69F4 /* Debug */,
				7A843DF22E1E690A003B69F4 /* Release */,
			);
			defaultConfigurationIsVisible = 0;
			defaultConfigurationName = Release;
		};
		7A843DF32E1E690A003B69F4 /* Build configuration list for PBXNativeTarget "MessagingAppUITests" */ = {
			isa = XCConfigurationList;
			buildConfigurations = (
				7A843DF42E1E690A003B69F4 /* Debug */,
				7A843DF52E1E690A003B69F4 /* Release */,
			);
			defaultConfigurationIsVisible = 0;
			defaultConfigurationName = Release;
		};
/* End XCConfigurationList section */

/* Begin XCRemoteSwiftPackageReference section */
		7A2B2C4E2E610B5F00C54E3A /* XCRemoteSwiftPackageReference "Kingfisher" */ = {
			isa = XCRemoteSwiftPackageReference;
			repositoryURL = "https://github.com/onevcat/Kingfisher.git";
			requirement = {
				kind = upToNextMajorVersion;
				minimumVersion = 8.5.0;
			};
		};
		7A70E0A92E4FCB6300429722 /* XCRemoteSwiftPackageReference "firebase-ios-sdk" */ = {
			isa = XCRemoteSwiftPackageReference;
			repositoryURL = "https://github.com/firebase/firebase-ios-sdk";
			requirement = {
				kind = upToNextMajorVersion;
				minimumVersion = 12.1.0;
			};
		};
/* End XCRemoteSwiftPackageReference section */

/* Begin XCSwiftPackageProductDependency section */
		7A2B2C4F2E610B5F00C54E3A /* Kingfisher */ = {
			isa = XCSwiftPackageProductDependency;
			package = 7A2B2C4E2E610B5F00C54E3A /* XCRemoteSwiftPackageReference "Kingfisher" */;
			productName = Kingfisher;
		};
		7A4309462E63B8DB0052D45C /* FirebaseMessaging */ = {
			isa = XCSwiftPackageProductDependency;
			package = 7A70E0A92E4FCB6300429722 /* XCRemoteSwiftPackageReference "firebase-ios-sdk" */;
			productName = FirebaseMessaging;
		};
		7A70E0AA2E4FCC0C00429722 /* FirebaseCore */ = {
			isa = XCSwiftPackageProductDependency;
			package = 7A70E0A92E4FCB6300429722 /* XCRemoteSwiftPackageReference "firebase-ios-sdk" */;
			productName = FirebaseCore;
		};
		7A70E0AE2E4FDC8F00429722 /* FirebaseStorage */ = {
			isa = XCSwiftPackageProductDependency;
			package = 7A70E0A92E4FCB6300429722 /* XCRemoteSwiftPackageReference "firebase-ios-sdk" */;
			productName = FirebaseStorage;
		};
		7A70E0B02E4FDCE600429722 /* FirebaseAuth */ = {
			isa = XCSwiftPackageProductDependency;
			package = 7A70E0A92E4FCB6300429722 /* XCRemoteSwiftPackageReference "firebase-ios-sdk" */;
			productName = FirebaseAuth;
		};
		7A70E0BA2E506DF600429722 /* FirebaseFirestore */ = {
			isa = XCSwiftPackageProductDependency;
			package = 7A70E0A92E4FCB6300429722 /* XCRemoteSwiftPackageReference "firebase-ios-sdk" */;
			productName = FirebaseFirestore;
		};
		7AB4713C2E64F3D0006597F9 /* FirebaseFunctions */ = {
			isa = XCSwiftPackageProductDependency;
			package = 7A70E0A92E4FCB6300429722 /* XCRemoteSwiftPackageReference "firebase-ios-sdk" */;
			productName = FirebaseFunctions;
		};
/* End XCSwiftPackageProductDependency section */
	};
	rootObject = 7A843DBF2E1E6908003B69F4 /* Project object */;
}
